
Microsoft Visual Studio Solution File, Format Version 12.00
# Visual Studio 15
VisualStudioVersion = 15.0.27703.2047
MinimumVisualStudioVersion = 10.0.40219.1
Project("{FAE04EC0-301F-11D3-BF4B-00C04F79EFBC}") = "AspRossko", "AspRossko\AspRossko.csproj", "{0D87D186-1EB9-41C5-8BAE-B444DC17A527}"
EndProject
Project("{FAE04EC0-301F-11D3-BF4B-00C04F79EFBC}") = "AspRossko.Tests", "AspRossko.Tests\AspRossko.Tests.csproj", "{2DAD1940-B6DF-4D0E-85E2-1EE3ABC35CD0}"
EndProject
Global
	GlobalSection(SolutionConfigurationPlatforms) = preSolution
		Debug|Any CPU = Debug|Any CPU
		Release|Any CPU = Release|Any CPU
	EndGlobalSection
	GlobalSection(ProjectConfigurationPlatforms) = postSolution
		{0D87D186-1EB9-41C5-8BAE-B444DC17A527}.Debug|Any CPU.ActiveCfg = Debug|Any CPU
		{0D87D186-1EB9-41C5-8BAE-B444DC17A527}.Debug|Any CPU.Build.0 = Debug|Any CPU
		{0D87D186-1EB9-41C5-8BAE-B444DC17A527}.Release|Any CPU.ActiveCfg = Release|Any CPU
		{0D87D186-1EB9-41C5-8BAE-B444DC17A527}.Release|Any CPU.Build.0 = Release|Any CPU
		{2DAD1940-B6DF-4D0E-85E2-1EE3ABC35CD0}.Debug|Any CPU.ActiveCfg = Debug|Any CPU
		{2DAD1940-B6DF-4D0E-85E2-1EE3ABC35CD0}.Debug|Any CPU.Build.0 = Debug|Any CPU
		{2DAD1940-B6DF-4D0E-85E2-1EE3ABC35CD0}.Release|Any CPU.ActiveCfg = Release|Any CPU
		{2DAD1940-B6DF-4D0E-85E2-1EE3ABC35CD0}.Release|Any CPU.Build.0 = Release|Any CPU
	EndGlobalSection
	GlobalSection(SolutionProperties) = preSolution
		HideSolutionNode = FALSE
	EndGlobalSection
	GlobalSection(ExtensibilityGlobals) = postSolution
		SolutionGuid = {9527C14A-46D4-4226-A58A-327A77108532}
	EndGlobalSection
EndGlobal
